// !$*UTF8*$!
{
	archiveVersion = 1;
	classes = {
	};
	objectVersion = 56;
	objects = {

/* Begin PBXBuildFile section */
		51AA04BE7CF45E25F1034284 /* Pods_NicetryDemo.framework in Frameworks */ = {isa = PBXBuildFile; fileRef = 404CAE6D83EEC56C6FF33FBA /* Pods_NicetryDemo.framework */; };
		77150E9F2BF5B4F000FB8207 /* XHSViewController.m in Sources */ = {isa = PBXBuildFile; fileRef = 77150E9E2BF5B4F000FB8207 /* XHSViewController.m */; };
		772ECFAB2BF4AEDF001D14BA /* OrderViewController.m in Sources */ = {isa = PBXBuildFile; fileRef = 772ECFAA2BF4AEDF001D14BA /* OrderViewController.m */; };
		772ECFAE2BF4B1EA001D14BA /* TodoViewController.m in Sources */ = {isa = PBXBuildFile; fileRef = 772ECFAD2BF4B1EA001D14BA /* TodoViewController.m */; };
		772FF5F12BF462CC00AAC799 /* AppDelegate.m in Sources */ = {isa = PBXBuildFile; fileRef = 772FF5F02BF462CC00AAC799 /* AppDelegate.m */; };
		772FF5F42BF462CC00AAC799 /* SceneDelegate.m in Sources */ = {isa = PBXBuildFile; fileRef = 772FF5F32BF462CC00AAC799 /* SceneDelegate.m */; };
		772FF5FC2BF462CD00AAC799 /* Assets.xcassets in Resources */ = {isa = PBXBuildFile; fileRef = 772FF5FB2BF462CD00AAC799 /* Assets.xcassets */; };
		772FF5FF2BF462CD00AAC799 /* Base in Resources */ = {isa = PBXBuildFile; fileRef = 772FF5FE2BF462CD00AAC799 /* Base */; };
		772FF6022BF462CD00AAC799 /* main.m in Sources */ = {isa = PBXBuildFile; fileRef = 772FF6012BF462CD00AAC799 /* main.m */; };
		7761F7102BF625C5000C05FE /* DetailViewController.m in Sources */ = {isa = PBXBuildFile; fileRef = 7761F70F2BF625C5000C05FE /* DetailViewController.m */; };
		77C764372BFAEE3500D60009 /* VideoFlowViewController.m in Sources */ = {isa = PBXBuildFile; fileRef = 77C764362BFAEE3500D60009 /* VideoFlowViewController.m */; };
		77C7643A2BFAF44A00D60009 /* Task.m in Sources */ = {isa = PBXBuildFile; fileRef = 77C764392BFAF44A00D60009 /* Task.m */; };
/* End PBXBuildFile section */

/* Begin PBXFileReference section */
		404CAE6D83EEC56C6FF33FBA /* Pods_NicetryDemo.framework */ = {isa = PBXFileReference; explicitFileType = wrapper.framework; includeInIndex = 0; path = Pods_NicetryDemo.framework; sourceTree = BUILT_PRODUCTS_DIR; };
		6DF940BA4DD46655BB840D79 /* Pods-NicetryDemo.release.xcconfig */ = {isa = PBXFileReference; includeInIndex = 1; lastKnownFileType = text.xcconfig; name = "Pods-NicetryDemo.release.xcconfig"; path = "Target Support Files/Pods-NicetryDemo/Pods-NicetryDemo.release.xcconfig"; sourceTree = "<group>"; };
		77150E9D2BF5B4F000FB8207 /* XHSViewController.h */ = {isa = PBXFileReference; lastKnownFileType = sourcecode.c.h; path = XHSViewController.h; sourceTree = "<group>"; };
		77150E9E2BF5B4F000FB8207 /* XHSViewController.m */ = {isa = PBXFileReference; lastKnownFileType = sourcecode.c.objc; path = XHSViewController.m; sourceTree = "<group>"; };
		772ECFA92BF4AEDF001D14BA /* OrderViewController.h */ = {isa = PBXFileReference; lastKnownFileType = sourcecode.c.h; path = OrderViewController.h; sourceTree = "<group>"; };
		772ECFAA2BF4AEDF001D14BA /* OrderViewController.m */ = {isa = PBXFileReference; lastKnownFileType = sourcecode.c.objc; path = OrderViewController.m; sourceTree = "<group>"; };
		772ECFAC2BF4B1EA001D14BA /* TodoViewController.h */ = {isa = PBXFileReference; lastKnownFileType = sourcecode.c.h; path = TodoViewController.h; sourceTree = "<group>"; };
		772ECFAD2BF4B1EA001D14BA /* TodoViewController.m */ = {isa = PBXFileReference; lastKnownFileType = sourcecode.c.objc; path = TodoViewController.m; sourceTree = "<group>"; };
		772FF5EC2BF462CC00AAC799 /* NicetryDemo.app */ = {isa = PBXFileReference; explicitFileType = wrapper.application; includeInIndex = 0; path = NicetryDemo.app; sourceTree = BUILT_PRODUCTS_DIR; };
		772FF5EF2BF462CC00AAC799 /* AppDelegate.h */ = {isa = PBXFileReference; lastKnownFileType = sourcecode.c.h; path = AppDelegate.h; sourceTree = "<group>"; };
		772FF5F02BF462CC00AAC799 /* AppDelegate.m */ = {isa = PBXFileReference; lastKnownFileType = sourcecode.c.objc; path = AppDelegate.m; sourceTree = "<group>"; };
		772FF5F22BF462CC00AAC799 /* SceneDelegate.h */ = {isa = PBXFileReference; lastKnownFileType = sourcecode.c.h; path = SceneDelegate.h; sourceTree = "<group>"; };
		772FF5F32BF462CC00AAC799 /* SceneDelegate.m */ = {isa = PBXFileReference; lastKnownFileType = sourcecode.c.objc; path = SceneDelegate.m; sourceTree = "<group>"; };
		772FF5FB2BF462CD00AAC799 /* Assets.xcassets */ = {isa = PBXFileReference; lastKnownFileType = folder.assetcatalog; path = Assets.xcassets; sourceTree = "<group>"; };
		772FF5FE2BF462CD00AAC799 /* Base */ = {isa = PBXFileReference; lastKnownFileType = file.storyboard; name = Base; path = Base.lproj/LaunchScreen.storyboard; sourceTree = "<group>"; };
		772FF6002BF462CD00AAC799 /* Info.plist */ = {isa = PBXFileReference; lastKnownFileType = text.plist.xml; path = Info.plist; sourceTree = "<group>"; };
		772FF6012BF462CD00AAC799 /* main.m */ = {isa = PBXFileReference; lastKnownFileType = sourcecode.c.objc; path = main.m; sourceTree = "<group>"; };
		7761F70E2BF625C5000C05FE /* DetailViewController.h */ = {isa = PBXFileReference; lastKnownFileType = sourcecode.c.h; path = DetailViewController.h; sourceTree = "<group>"; };
		7761F70F2BF625C5000C05FE /* DetailViewController.m */ = {isa = PBXFileReference; lastKnownFileType = sourcecode.c.objc; path = DetailViewController.m; sourceTree = "<group>"; };
		77C764352BFAEE3500D60009 /* VideoFlowViewController.h */ = {isa = PBXFileReference; lastKnownFileType = sourcecode.c.h; path = VideoFlowViewController.h; sourceTree = "<group>"; };
		77C764362BFAEE3500D60009 /* VideoFlowViewController.m */ = {isa = PBXFileReference; lastKnownFileType = sourcecode.c.objc; path = VideoFlowViewController.m; sourceTree = "<group>"; };
		77C764382BFAF44A00D60009 /* Task.h */ = {isa = PBXFileReference; lastKnownFileType = sourcecode.c.h; path = Task.h; sourceTree = "<group>"; };
		77C764392BFAF44A00D60009 /* Task.m */ = {isa = PBXFileReference; lastKnownFileType = sourcecode.c.objc; path = Task.m; sourceTree = "<group>"; };
		85DE19A2336288E78AC1095D /* Pods-NicetryDemo.debug.xcconfig */ = {isa = PBXFileReference; includeInIndex = 1; lastKnownFileType = text.xcconfig; name = "Pods-NicetryDemo.debug.xcconfig"; path = "Target Support Files/Pods-NicetryDemo/Pods-NicetryDemo.debug.xcconfig"; sourceTree = "<group>"; };
/* End PBXFileReference section */

/* Begin PBXFrameworksBuildPhase section */
		772FF5E92BF462CC00AAC799 /* Frameworks */ = {
			isa = PBXFrameworksBuildPhase;
			buildActionMask = 2147483647;
			files = (
				51AA04BE7CF45E25F1034284 /* Pods_NicetryDemo.framework in Frameworks */,
			);
			runOnlyForDeploymentPostprocessing = 0;
		};
/* End PBXFrameworksBuildPhase section */

/* Begin PBXGroup section */
		61C0E86763A9F8E716381A54 /* Frameworks */ = {
			isa = PBXGroup;
			children = (
				404CAE6D83EEC56C6FF33FBA /* Pods_NicetryDemo.framework */,
			);
			name = Frameworks;
			sourceTree = "<group>";
		};
		772ECFA62BF4AE9B001D14BA /* ViewControllers */ = {
			isa = PBXGroup;
			children = (
				772ECFA92BF4AEDF001D14BA /* OrderViewController.h */,
				772ECFAA2BF4AEDF001D14BA /* OrderViewController.m */,
				772ECFAC2BF4B1EA001D14BA /* TodoViewController.h */,
				772ECFAD2BF4B1EA001D14BA /* TodoViewController.m */,
				77150E9D2BF5B4F000FB8207 /* XHSViewController.h */,
				77150E9E2BF5B4F000FB8207 /* XHSViewController.m */,
				7761F70E2BF625C5000C05FE /* DetailViewController.h */,
				7761F70F2BF625C5000C05FE /* DetailViewController.m */,
				77C764352BFAEE3500D60009 /* VideoFlowViewController.h */,
				77C764362BFAEE3500D60009 /* VideoFlowViewController.m */,
			);
			path = ViewControllers;
			sourceTree = "<group>";
		};
		772ECFA82BF4AEB0001D14BA /* Models */ = {
			isa = PBXGroup;
			children = (
				77C764382BFAF44A00D60009 /* Task.h */,
				77C764392BFAF44A00D60009 /* Task.m */,
			);
			path = Models;
			sourceTree = "<group>";
		};
		772FF5E32BF462CC00AAC799 = {
			isa = PBXGroup;
			children = (
				772FF5EE2BF462CC00AAC799 /* NicetryDemo */,
				772FF5ED2BF462CC00AAC799 /* Products */,
				EB2C2E830A6AD93A5AFEC934 /* Pods */,
				61C0E86763A9F8E716381A54 /* Frameworks */,
			);
			sourceTree = "<group>";
		};
		772FF5ED2BF462CC00AAC799 /* Products */ = {
			isa = PBXGroup;
			children = (
				772FF5EC2BF462CC00AAC799 /* NicetryDemo.app */,
			);
			name = Products;
			sourceTree = "<group>";
		};
		772FF5EE2BF462CC00AAC799 /* NicetryDemo */ = {
			isa = PBXGroup;
			children = (
				772ECFA82BF4AEB0001D14BA /* Models */,
				77C7643F2BFB476700D60009 /* Views */,
				772ECFA62BF4AE9B001D14BA /* ViewControllers */,
				772FF5EF2BF462CC00AAC799 /* AppDelegate.h */,
				772FF5F02BF462CC00AAC799 /* AppDelegate.m */,
				772FF5F22BF462CC00AAC799 /* SceneDelegate.h */,
				772FF5F32BF462CC00AAC799 /* SceneDelegate.m */,
				772FF5FB2BF462CD00AAC799 /* Assets.xcassets */,
				772FF5FD2BF462CD00AAC799 /* LaunchScreen.storyboard */,
				772FF6002BF462CD00AAC799 /* Info.plist */,
				772FF6012BF462CD00AAC799 /* main.m */,
			);
			path = NicetryDemo;
			sourceTree = "<group>";
		};
		77C7643F2BFB476700D60009 /* Views */ = {
			isa = PBXGroup;
			children = (
			);
			path = Views;
			sourceTree = "<group>";
		};
		EB2C2E830A6AD93A5AFEC934 /* Pods */ = {
			isa = PBXGroup;
			children = (
				85DE19A2336288E78AC1095D /* Pods-NicetryDemo.debug.xcconfig */,
				6DF940BA4DD46655BB840D79 /* Pods-NicetryDemo.release.xcconfig */,
			);
			path = Pods;
			sourceTree = "<group>";
		};
/* End PBXGroup section */

/* Begin PBXNativeTarget section */
		772FF5EB2BF462CC00AAC799 /* NicetryDemo */ = {
			isa = PBXNativeTarget;
			buildConfigurationList = 772FF6052BF462CD00AAC799 /* Build configuration list for PBXNativeTarget "NicetryDemo" */;
			buildPhases = (
				0CB37F493B21BAD9EA9B703E /* [CP] Check Pods Manifest.lock */,
				772FF5E82BF462CC00AAC799 /* Sources */,
				772FF5E92BF462CC00AAC799 /* Frameworks */,
				772FF5EA2BF462CC00AAC799 /* Resources */,
				0AA158E1AA1D57390C7DA91B /* [CP] Embed Pods Frameworks */,
			);
			buildRules = (
			);
			dependencies = (
			);
			name = NicetryDemo;
			productName = NicetryDemo;
			productReference = 772FF5EC2BF462CC00AAC799 /* NicetryDemo.app */;
			productType = "com.apple.product-type.application";
		};
/* End PBXNativeTarget section */

/* Begin PBXProject section */
		772FF5E42BF462CC00AAC799 /* Project object */ = {
			isa = PBXProject;
			attributes = {
				BuildIndependentTargetsInParallel = 1;
				LastUpgradeCheck = 1530;
				TargetAttributes = {
					772FF5EB2BF462CC00AAC799 = {
						CreatedOnToolsVersion = 15.3;
					};
				};
			};
			buildConfigurationList = 772FF5E72BF462CC00AAC799 /* Build configuration list for PBXProject "NicetryDemo" */;
			compatibilityVersion = "Xcode 14.0";
			developmentRegion = en;
			hasScannedForEncodings = 0;
			knownRegions = (
				en,
				Base,
			);
			mainGroup = 772FF5E32BF462CC00AAC799;
			productRefGroup = 772FF5ED2BF462CC00AAC799 /* Products */;
			projectDirPath = "";
			projectRoot = "";
			targets = (
				772FF5EB2BF462CC00AAC799 /* NicetryDemo */,
			);
		};
/* End PBXProject section */

/* Begin PBXResourcesBuildPhase section */
		772FF5EA2BF462CC00AAC799 /* Resources */ = {
			isa = PBXResourcesBuildPhase;
			buildActionMask = 2147483647;
			files = (
				772FF5FC2BF462CD00AAC799 /* Assets.xcassets in Resources */,
				772FF5FF2BF462CD00AAC799 /* Base in Resources */,
			);
			runOnlyForDeploymentPostprocessing = 0;
		};
/* End PBXResourcesBuildPhase section */

/* Begin PBXShellScriptBuildPhase section */
		0AA158E1AA1D57390C7DA91B /* [CP] Embed Pods Frameworks */ = {
			isa = PBXShellScriptBuildPhase;
			buildActionMask = 2147483647;
			files = (
			);
			inputFileListPaths = (
				"${PODS_ROOT}/Target Support Files/Pods-NicetryDemo/Pods-NicetryDemo-frameworks-${CONFIGURATION}-input-files.xcfilelist",
			);
			name = "[CP] Embed Pods Frameworks";
			outputFileListPaths = (
				"${PODS_ROOT}/Target Support Files/Pods-NicetryDemo/Pods-NicetryDemo-frameworks-${CONFIGURATION}-output-files.xcfilelist",
			);
			runOnlyForDeploymentPostprocessing = 0;
			shellPath = /bin/sh;
			shellScript = "\"${PODS_ROOT}/Target Support Files/Pods-NicetryDemo/Pods-NicetryDemo-frameworks.sh\"\n";
			showEnvVarsInLog = 0;
		};
		0CB37F493B21BAD9EA9B703E /* [CP] Check Pods Manifest.lock */ = {
			isa = PBXShellScriptBuildPhase;
			buildActionMask = 2147483647;
			files = (
			);
			inputFileListPaths = (
			);
			inputPaths = (
				"${PODS_PODFILE_DIR_PATH}/Podfile.lock",
				"${PODS_ROOT}/Manifest.lock",
			);
			name = "[CP] Check Pods Manifest.lock";
			outputFileListPaths = (
			);
			outputPaths = (
				"$(DERIVED_FILE_DIR)/Pods-NicetryDemo-checkManifestLockResult.txt",
			);
			runOnlyForDeploymentPostprocessing = 0;
			shellPath = /bin/sh;
			shellScript = "diff \"${PODS_PODFILE_DIR_PATH}/Podfile.lock\" \"${PODS_ROOT}/Manifest.lock\" > /dev/null\nif [ $? != 0 ] ; then\n    # print error to STDERR\n    echo \"error: The sandbox is not in sync with the Podfile.lock. Run 'pod install' or update your CocoaPods installation.\" >&2\n    exit 1\nfi\n# This output is used by Xcode 'outputs' to avoid re-running this script phase.\necho \"SUCCESS\" > \"${SCRIPT_OUTPUT_FILE_0}\"\n";
			showEnvVarsInLog = 0;
		};
/* End PBXShellScriptBuildPhase section */

/* Begin PBXSourcesBuildPhase section */
		772FF5E82BF462CC00AAC799 /* Sources */ = {
			isa = PBXSourcesBuildPhase;
			buildActionMask = 2147483647;
			files = (
				772FF5F12BF462CC00AAC799 /* AppDelegate.m in Sources */,
				772FF6022BF462CD00AAC799 /* main.m in Sources */,
				77C764372BFAEE3500D60009 /* VideoFlowViewController.m in Sources */,
				772FF5F42BF462CC00AAC799 /* SceneDelegate.m in Sources */,
				772ECFAE2BF4B1EA001D14BA /* TodoViewController.m in Sources */,
				77150E9F2BF5B4F000FB8207 /* XHSViewController.m in Sources */,
				772ECFAB2BF4AEDF001D14BA /* OrderViewController.m in Sources */,
				77C7643A2BFAF44A00D60009 /* Task.m in Sources */,
				7761F7102BF625C5000C05FE /* DetailViewController.m in Sources */,
			);
			runOnlyForDeploymentPostprocessing = 0;
		};
/* End PBXSourcesBuildPhase section */

/* Begin PBXVariantGroup section */
		772FF5FD2BF462CD00AAC799 /* LaunchScreen.storyboard */ = {
			isa = PBXVariantGroup;
			children = (
				772FF5FE2BF462CD00AAC799 /* Base */,
			);
			name = LaunchScreen.storyboard;
			sourceTree = "<group>";
		};
/* End PBXVariantGroup section */

/* Begin XCBuildConfiguration section */
		772FF6032BF462CD00AAC799 /* Debug */ = {
			isa = XCBuildConfiguration;
			buildSettings = {
				ALWAYS_SEARCH_USER_PATHS = NO;
				ASSETCATALOG_COMPILER_GENERATE_SWIFT_ASSET_SYMBOL_EXTENSIONS = YES;
				CLANG_ANALYZER_NONNULL = YES;
				CLANG_ANALYZER_NUMBER_OBJECT_CONVERSION = YES_AGGRESSIVE;
				CLANG_CXX_LANGUAGE_STANDARD = "gnu++20";
				CLANG_ENABLE_MODULES = YES;
				CLANG_ENABLE_OBJC_ARC = YES;
				CLANG_ENABLE_OBJC_WEAK = YES;
				CLANG_WARN_BLOCK_CAPTURE_AUTORELEASING = YES;
				CLANG_WARN_BOOL_CONVERSION = YES;
				CLANG_WARN_COMMA = YES;
				CLANG_WARN_CONSTANT_CONVERSION = YES;
				CLANG_WARN_DEPRECATED_OBJC_IMPLEMENTATIONS = YES;
				CLANG_WARN_DIRECT_OBJC_ISA_USAGE = YES_ERROR;
				CLANG_WARN_DOCUMENTATION_COMMENTS = YES;
				CLANG_WARN_EMPTY_BODY = YES;
				CLANG_WARN_ENUM_CONVERSION = YES;
				CLANG_WARN_INFINITE_RECURSION = YES;
				CLANG_WARN_INT_CONVERSION = YES;
				CLANG_WARN_NON_LITERAL_NULL_CONVERSION = YES;
				CLANG_WARN_OBJC_IMPLICIT_RETAIN_SELF = YES;
				CLANG_WARN_OBJC_LITERAL_CONVERSION = YES;
				CLANG_WARN_OBJC_ROOT_CLASS = YES_ERROR;
				CLANG_WARN_QUOTED_INCLUDE_IN_FRAMEWORK_HEADER = YES;
				CLANG_WARN_RANGE_LOOP_ANALYSIS = YES;
				CLANG_WARN_STRICT_PROTOTYPES = YES;
				CLANG_WARN_SUSPICIOUS_MOVE = YES;
				CLANG_WARN_UNGUARDED_AVAILABILITY = YES_AGGRESSIVE;
				CLANG_WARN_UNREACHABLE_CODE = YES;
				CLANG_WARN__DUPLICATE_METHOD_MATCH = YES;
				COPY_PHASE_STRIP = NO;
				DEBUG_INFORMATION_FORMAT = dwarf;
				ENABLE_STRICT_OBJC_MSGSEND = YES;
				ENABLE_TESTABILITY = YES;
				ENABLE_USER_SCRIPT_SANDBOXING = NO;
				GCC_C_LANGUAGE_STANDARD = gnu17;
				GCC_DYNAMIC_NO_PIC = NO;
				GCC_NO_COMMON_BLOCKS = YES;
				GCC_OPTIMIZATION_LEVEL = 0;
				GCC_PREPROCESSOR_DEFINITIONS = (
					"DEBUG=1",
					"$(inherited)",
				);
				GCC_WARN_64_TO_32_BIT_CONVERSION = YES;
				GCC_WARN_ABOUT_RETURN_TYPE = YES_ERROR;
				GCC_WARN_UNDECLARED_SELECTOR = YES;
				GCC_WARN_UNINITIALIZED_AUTOS = YES_AGGRESSIVE;
				GCC_WARN_UNUSED_FUNCTION = YES;
				GCC_WARN_UNUSED_VARIABLE = YES;
				IPHONEOS_DEPLOYMENT_TARGET = 17.4;
				LOCALIZATION_PREFERS_STRING_CATALOGS = YES;
				MTL_ENABLE_DEBUG_INFO = INCLUDE_SOURCE;
				MTL_FAST_MATH = YES;
				ONLY_ACTIVE_ARCH = YES;
				SDKROOT = iphoneos;
			};
			name = Debug;
		};
		772FF6042BF462CD00AAC799 /* Release */ = {
			isa = XCBuildConfiguration;
			buildSettings = {
				ALWAYS_SEARCH_USER_PATHS = NO;
				ASSETCATALOG_COMPILER_GENERATE_SWIFT_ASSET_SYMBOL_EXTENSIONS = YES;
				CLANG_ANALYZER_NONNULL = YES;
				CLANG_ANALYZER_NUMBER_OBJECT_CONVERSION = YES_AGGRESSIVE;
				CLANG_CXX_LANGUAGE_STANDARD = "gnu++20";
				CLANG_ENABLE_MODULES = YES;
				CLANG_ENABLE_OBJC_ARC = YES;
				CLANG_ENABLE_OBJC_WEAK = YES;
				CLANG_WARN_BLOCK_CAPTURE_AUTORELEASING = YES;
				CLANG_WARN_BOOL_CONVERSION = YES;
				CLANG_WARN_COMMA = YES;
				CLANG_WARN_CONSTANT_CONVERSION = YES;
				CLANG_WARN_DEPRECATED_OBJC_IMPLEMENTATIONS = YES;
				CLANG_WARN_DIRECT_OBJC_ISA_USAGE = YES_ERROR;
				CLANG_WARN_DOCUMENTATION_COMMENTS = YES;
				CLANG_WARN_EMPTY_BODY = YES;
				CLANG_WARN_ENUM_CONVERSION = YES;
				CLANG_WARN_INFINITE_RECURSION = YES;
				CLANG_WARN_INT_CONVERSION = YES;
				CLANG_WARN_NON_LITERAL_NULL_CONVERSION = YES;
				CLANG_WARN_OBJC_IMPLICIT_RETAIN_SELF = YES;
				CLANG_WARN_OBJC_LITERAL_CONVERSION = YES;
				CLANG_WARN_OBJC_ROOT_CLASS = YES_ERROR;
				CLANG_WARN_QUOTED_INCLUDE_IN_FRAMEWORK_HEADER = YES;
				CLANG_WARN_RANGE_LOOP_ANALYSIS = YES;
				CLANG_WARN_STRICT_PROTOTYPES = YES;
				CLANG_WARN_SUSPICIOUS_MOVE = YES;
				CLANG_WARN_UNGUARDED_AVAILABILITY = YES_AGGRESSIVE;
				CLANG_WARN_UNREACHABLE_CODE = YES;
				CLANG_WARN__DUPLICATE_METHOD_MATCH = YES;
				COPY_PHASE_STRIP = NO;
				DEBUG_INFORMATION_FORMAT = "dwarf-with-dsym";
				ENABLE_NS_ASSERTIONS = NO;
				ENABLE_STRICT_OBJC_MSGSEND = YES;
				ENABLE_USER_SCRIPT_SANDBOXING = NO;
				GCC_C_LANGUAGE_STANDARD = gnu17;
				GCC_NO_COMMON_BLOCKS = YES;
				GCC_WARN_64_TO_32_BIT_CONVERSION = YES;
				GCC_WARN_ABOUT_RETURN_TYPE = YES_ERROR;
				GCC_WARN_UNDECLARED_SELECTOR = YES;
				GCC_WARN_UNINITIALIZED_AUTOS = YES_AGGRESSIVE;
				GCC_WARN_UNUSED_FUNCTION = YES;
				GCC_WARN_UNUSED_VARIABLE = YES;
				IPHONEOS_DEPLOYMENT_TARGET = 17.4;
				LOCALIZATION_PREFERS_STRING_CATALOGS = YES;
				MTL_ENABLE_DEBUG_INFO = NO;
				MTL_FAST_MATH = YES;
				SDKROOT = iphoneos;
				VALIDATE_PRODUCT = YES;
			};
			name = Release;
		};
		772FF6062BF462CD00AAC799 /* Debug */ = {
			isa = XCBuildConfiguration;
			baseConfigurationReference = 85DE19A2336288E78AC1095D /* Pods-NicetryDemo.debug.xcconfig */;
			buildSettings = {
				ASSETCATALOG_COMPILER_APPICON_NAME = AppIcon;
				ASSETCATALOG_COMPILER_GLOBAL_ACCENT_COLOR_NAME = AccentColor;
				CODE_SIGN_STYLE = Automatic;
				CURRENT_PROJECT_VERSION = 1;
				DEVELOPMENT_TEAM = T99J7T9RXL;
				GENERATE_INFOPLIST_FILE = YES;
				INFOPLIST_FILE = NicetryDemo/Info.plist;
				INFOPLIST_KEY_UIApplicationSupportsIndirectInputEvents = YES;
				INFOPLIST_KEY_UILaunchStoryboardName = LaunchScreen;
				INFOPLIST_KEY_UIMainStoryboardFile = "";
				INFOPLIST_KEY_UISupportedInterfaceOrientations_iPad = "UIInterfaceOrientationPortrait UIInterfaceOrientationPortraitUpsideDown UIInterfaceOrientationLandscapeLeft UIInterfaceOrientationLandscapeRight";
				INFOPLIST_KEY_UISupportedInterfaceOrientations_iPhone = "UIInterfaceOrientationPortrait UIInterfaceOrientationLandscapeLeft UIInterfaceOrientationLandscapeRight";
				LD_RUNPATH_SEARCH_PATHS = (
					"$(inherited)",
					"@executable_path/Frameworks",
				);
				MARKETING_VERSION = 1.0;
				PRODUCT_BUNDLE_IDENTIFIER = "B-Komachi.NicetryDemo";
				PRODUCT_NAME = "$(TARGET_NAME)";
				SWIFT_EMIT_LOC_STRINGS = YES;
				TARGETED_DEVICE_FAMILY = "1,2";
			};
			name = Debug;
		};
		772FF6072BF462CD00AAC799 /* Release */ = {
			isa = XCBuildConfiguration;
			baseConfigurationReference = 6DF940BA4DD46655BB840D79 /* Pods-NicetryDemo.release.xcconfig */;
			buildSettings = {
				ASSETCATALOG_COMPILER_APPICON_NAME = AppIcon;
				ASSETCATALOG_COMPILER_GLOBAL_ACCENT_COLOR_NAME = AccentColor;
				CODE_SIGN_STYLE = Automatic;
				CURRENT_PROJECT_VERSION = 1;
				DEVELOPMENT_TEAM = T99J7T9RXL;
				GENERATE_INFOPLIST_FILE = YES;
				INFOPLIST_FILE = NicetryDemo/Info.plist;
				INFOPLIST_KEY_UIApplicationSupportsIndirectInputEvents = YES;
				INFOPLIST_KEY_UILaunchStoryboardName = LaunchScreen;
				INFOPLIST_KEY_UIMainStoryboardFile = "";
				INFOPLIST_KEY_UISupportedInterfaceOrientations_iPad = "UIInterfaceOrientationPortrait UIInterfaceOrientationPortraitUpsideDown UIInterfaceOrientationLandscapeLeft UIInterfaceOrientationLandscapeRight";
				INFOPLIST_KEY_UISupportedInterfaceOrientations_iPhone = "UIInterfaceOrientationPortrait UIInterfaceOrientationLandscapeLeft UIInterfaceOrientationLandscapeRight";
				LD_RUNPATH_SEARCH_PATHS = (
					"$(inherited)",
					"@executable_path/Frameworks",
				);
				MARKETING_VERSION = 1.0;
				PRODUCT_BUNDLE_IDENTIFIER = "B-Komachi.NicetryDemo";
				PRODUCT_NAME = "$(TARGET_NAME)";
				SWIFT_EMIT_LOC_STRINGS = YES;
				TARGETED_DEVICE_FAMILY = "1,2";
			};
			name = Release;
		};
/* End XCBuildConfiguration section */

/* Begin XCConfigurationList section */
		772FF5E72BF462CC00AAC799 /* Build configuration list for PBXProject "NicetryDemo" */ = {
			isa = XCConfigurationList;
			buildConfigurations = (
				772FF6032BF462CD00AAC799 /* Debug */,
				772FF6042BF462CD00AAC799 /* Release */,
			);
			defaultConfigurationIsVisible = 0;
			defaultConfigurationName = Release;
		};
		772FF6052BF462CD00AAC799 /* Build configuration list for PBXNativeTarget "NicetryDemo" */ = {
			isa = XCConfigurationList;
			buildConfigurations = (
				772FF6062BF462CD00AAC799 /* Debug */,
				772FF6072BF462CD00AAC799 /* Release */,
			);
			defaultConfigurationIsVisible = 0;
			defaultConfigurationName = Release;
		};
/* End XCConfigurationList section */
	};
	rootObject = 772FF5E42BF462CC00AAC799 /* Project object */;
}
